// !$*UTF8*$!
{
	archiveVersion = 1;
	classes = {
	};
	objectVersion = 50;
	objects = {

/* Begin PBXBuildFile section */
		270B411C23F9687F00237AD1 /* TodayWeatherView.swift in Sources */ = {isa = PBXBuildFile; fileRef = 270B411A23F9687F00237AD1 /* TodayWeatherView.swift */; };
		270B411D23F9687F00237AD1 /* TodayWeatherView.xib in Resources */ = {isa = PBXBuildFile; fileRef = 270B411B23F9687F00237AD1 /* TodayWeatherView.xib */; };
		270B412723F9923400237AD1 /* water.png in Resources */ = {isa = PBXBuildFile; fileRef = 270B412123F9923400237AD1 /* water.png */; };
		270B412823F9923400237AD1 /* compass.png in Resources */ = {isa = PBXBuildFile; fileRef = 270B412223F9923400237AD1 /* compass.png */; };
		270B412923F9923400237AD1 /* barometer.png in Resources */ = {isa = PBXBuildFile; fileRef = 270B412323F9923400237AD1 /* barometer.png */; };
		270B412A23F9923400237AD1 /* launchScreenIcon.png in Resources */ = {isa = PBXBuildFile; fileRef = 270B412423F9923400237AD1 /* launchScreenIcon.png */; };
		270B412B23F9923400237AD1 /* cloud.png in Resources */ = {isa = PBXBuildFile; fileRef = 270B412523F9923400237AD1 /* cloud.png */; };
		270B412C23F9923400237AD1 /* wind.png in Resources */ = {isa = PBXBuildFile; fileRef = 270B412623F9923400237AD1 /* wind.png */; };
		2767333323F5C340003A1940 /* NoLocationView.xib in Resources */ = {isa = PBXBuildFile; fileRef = 2767333123F5C340003A1940 /* NoLocationView.xib */; };
		2767333523F5CBCE003A1940 /* NoLocationView.swift in Sources */ = {isa = PBXBuildFile; fileRef = 2767333423F5CBCE003A1940 /* NoLocationView.swift */; };
		2767333823F5D0BB003A1940 /* NoDataView.swift in Sources */ = {isa = PBXBuildFile; fileRef = 2767333623F5D0BB003A1940 /* NoDataView.swift */; };
		2767333923F5D0BB003A1940 /* NoDataView.xib in Resources */ = {isa = PBXBuildFile; fileRef = 2767333723F5D0BB003A1940 /* NoDataView.xib */; };
		27C0000723F7FEC000A83CF5 /* ControlingProtocol.swift in Sources */ = {isa = PBXBuildFile; fileRef = 27C0000623F7FEC000A83CF5 /* ControlingProtocol.swift */; };
		27C0000A23F806E300A83CF5 /* LocationDeniedView.swift in Sources */ = {isa = PBXBuildFile; fileRef = 27C0000823F806E300A83CF5 /* LocationDeniedView.swift */; };
		27C0000B23F806E300A83CF5 /* LocationDeniedView.xib in Resources */ = {isa = PBXBuildFile; fileRef = 27C0000923F806E300A83CF5 /* LocationDeniedView.xib */; };
		27C384D423F5A7D900746AA3 /* TodayWeather.swift in Sources */ = {isa = PBXBuildFile; fileRef = 27C384D323F5A7D900746AA3 /* TodayWeather.swift */; };
		27C384D623F5AAB400746AA3 /* Forecast.swift in Sources */ = {isa = PBXBuildFile; fileRef = 27C384D523F5AAB400746AA3 /* Forecast.swift */; };
		27C9184323F1D426006E099C /* AppDelegate.swift in Sources */ = {isa = PBXBuildFile; fileRef = 27C9184223F1D426006E099C /* AppDelegate.swift */; };
		27C9184523F1D426006E099C /* SceneDelegate.swift in Sources */ = {isa = PBXBuildFile; fileRef = 27C9184423F1D426006E099C /* SceneDelegate.swift */; };
		27C9184A23F1D426006E099C /* Main.storyboard in Resources */ = {isa = PBXBuildFile; fileRef = 27C9184823F1D426006E099C /* Main.storyboard */; };
		27C9184C23F1D428006E099C /* Assets.xcassets in Resources */ = {isa = PBXBuildFile; fileRef = 27C9184B23F1D428006E099C /* Assets.xcassets */; };
		27C9184F23F1D428006E099C /* LaunchScreen.storyboard in Resources */ = {isa = PBXBuildFile; fileRef = 27C9184D23F1D428006E099C /* LaunchScreen.storyboard */; };
		27C9185723F1D8DC006E099C /* TodayViewController.swift in Sources */ = {isa = PBXBuildFile; fileRef = 27C9185623F1D8DC006E099C /* TodayViewController.swift */; };
		27C9185923F1D98E006E099C /* ForecastViewController.swift in Sources */ = {isa = PBXBuildFile; fileRef = 27C9185823F1D98E006E099C /* ForecastViewController.swift */; };
/* End PBXBuildFile section */

/* Begin PBXFileReference section */
		270B411A23F9687F00237AD1 /* TodayWeatherView.swift */ = {isa = PBXFileReference; lastKnownFileType = sourcecode.swift; path = TodayWeatherView.swift; sourceTree = "<group>"; };
		270B411B23F9687F00237AD1 /* TodayWeatherView.xib */ = {isa = PBXFileReference; lastKnownFileType = file.xib; path = TodayWeatherView.xib; sourceTree = "<group>"; };
		270B412123F9923400237AD1 /* water.png */ = {isa = PBXFileReference; lastKnownFileType = image.png; path = water.png; sourceTree = "<group>"; };
		270B412223F9923400237AD1 /* compass.png */ = {isa = PBXFileReference; lastKnownFileType = image.png; path = compass.png; sourceTree = "<group>"; };
		270B412323F9923400237AD1 /* barometer.png */ = {isa = PBXFileReference; lastKnownFileType = image.png; path = barometer.png; sourceTree = "<group>"; };
		270B412423F9923400237AD1 /* launchScreenIcon.png */ = {isa = PBXFileReference; lastKnownFileType = image.png; path = launchScreenIcon.png; sourceTree = "<group>"; };
		270B412523F9923400237AD1 /* cloud.png */ = {isa = PBXFileReference; lastKnownFileType = image.png; path = cloud.png; sourceTree = "<group>"; };
		270B412623F9923400237AD1 /* wind.png */ = {isa = PBXFileReference; lastKnownFileType = image.png; path = wind.png; sourceTree = "<group>"; };
		2767333123F5C340003A1940 /* NoLocationView.xib */ = {isa = PBXFileReference; lastKnownFileType = file.xib; path = NoLocationView.xib; sourceTree = "<group>"; };
		2767333423F5CBCE003A1940 /* NoLocationView.swift */ = {isa = PBXFileReference; lastKnownFileType = sourcecode.swift; path = NoLocationView.swift; sourceTree = "<group>"; };
		2767333623F5D0BB003A1940 /* NoDataView.swift */ = {isa = PBXFileReference; lastKnownFileType = sourcecode.swift; path = NoDataView.swift; sourceTree = "<group>"; };
		2767333723F5D0BB003A1940 /* NoDataView.xib */ = {isa = PBXFileReference; lastKnownFileType = file.xib; path = NoDataView.xib; sourceTree = "<group>"; };
		27C0000623F7FEC000A83CF5 /* ControlingProtocol.swift */ = {isa = PBXFileReference; lastKnownFileType = sourcecode.swift; path = ControlingProtocol.swift; sourceTree = "<group>"; };
		27C0000823F806E300A83CF5 /* LocationDeniedView.swift */ = {isa = PBXFileReference; lastKnownFileType = sourcecode.swift; path = LocationDeniedView.swift; sourceTree = "<group>"; };
		27C0000923F806E300A83CF5 /* LocationDeniedView.xib */ = {isa = PBXFileReference; lastKnownFileType = file.xib; path = LocationDeniedView.xib; sourceTree = "<group>"; };
		27C384D323F5A7D900746AA3 /* TodayWeather.swift */ = {isa = PBXFileReference; fileEncoding = 4; lastKnownFileType = sourcecode.swift; path = TodayWeather.swift; sourceTree = "<group>"; };
		27C384D523F5AAB400746AA3 /* Forecast.swift */ = {isa = PBXFileReference; lastKnownFileType = sourcecode.swift; path = Forecast.swift; sourceTree = "<group>"; };
		27C9183F23F1D426006E099C /* WeatherApp.app */ = {isa = PBXFileReference; explicitFileType = wrapper.application; includeInIndex = 0; path = WeatherApp.app; sourceTree = BUILT_PRODUCTS_DIR; };
		27C9184223F1D426006E099C /* AppDelegate.swift */ = {isa = PBXFileReference; lastKnownFileType = sourcecode.swift; path = AppDelegate.swift; sourceTree = "<group>"; };
		27C9184423F1D426006E099C /* SceneDelegate.swift */ = {isa = PBXFileReference; lastKnownFileType = sourcecode.swift; path = SceneDelegate.swift; sourceTree = "<group>"; };
		27C9184923F1D426006E099C /* Base */ = {isa = PBXFileReference; lastKnownFileType = file.storyboard; name = Base; path = Base.lproj/Main.storyboard; sourceTree = "<group>"; };
		27C9184B23F1D428006E099C /* Assets.xcassets */ = {isa = PBXFileReference; lastKnownFileType = folder.assetcatalog; path = Assets.xcassets; sourceTree = "<group>"; };
		27C9184E23F1D428006E099C /* Base */ = {isa = PBXFileReference; lastKnownFileType = file.storyboard; name = Base; path = Base.lproj/LaunchScreen.storyboard; sourceTree = "<group>"; };
		27C9185023F1D428006E099C /* Info.plist */ = {isa = PBXFileReference; lastKnownFileType = text.plist.xml; path = Info.plist; sourceTree = "<group>"; };
		27C9185623F1D8DC006E099C /* TodayViewController.swift */ = {isa = PBXFileReference; lastKnownFileType = sourcecode.swift; path = TodayViewController.swift; sourceTree = "<group>"; };
		27C9185823F1D98E006E099C /* ForecastViewController.swift */ = {isa = PBXFileReference; lastKnownFileType = sourcecode.swift; path = ForecastViewController.swift; sourceTree = "<group>"; };
/* End PBXFileReference section */

/* Begin PBXFrameworksBuildPhase section */
		27C9183C23F1D426006E099C /* Frameworks */ = {
			isa = PBXFrameworksBuildPhase;
			buildActionMask = 2147483647;
			files = (
			);
			runOnlyForDeploymentPostprocessing = 0;
		};
/* End PBXFrameworksBuildPhase section */

/* Begin PBXGroup section */
		270B412023F9920E00237AD1 /* Pictures */ = {
			isa = PBXGroup;
			children = (
				270B412323F9923400237AD1 /* barometer.png */,
				270B412523F9923400237AD1 /* cloud.png */,
				270B412223F9923400237AD1 /* compass.png */,
				270B412423F9923400237AD1 /* launchScreenIcon.png */,
				270B412123F9923400237AD1 /* water.png */,
				270B412623F9923400237AD1 /* wind.png */,
			);
			path = Pictures;
			sourceTree = "<group>";
		};
		2767332F23F5C2F9003A1940 /* Views */ = {
			isa = PBXGroup;
			children = (
				2767333423F5CBCE003A1940 /* NoLocationView.swift */,
				2767333123F5C340003A1940 /* NoLocationView.xib */,
				2767333623F5D0BB003A1940 /* NoDataView.swift */,
				2767333723F5D0BB003A1940 /* NoDataView.xib */,
				27C0000823F806E300A83CF5 /* LocationDeniedView.swift */,
				27C0000923F806E300A83CF5 /* LocationDeniedView.xib */,
				270B411A23F9687F00237AD1 /* TodayWeatherView.swift */,
				270B411B23F9687F00237AD1 /* TodayWeatherView.xib */,
			);
			path = Views;
			sourceTree = "<group>";
		};
		27C384D223F5A6EA00746AA3 /* Models */ = {
			isa = PBXGroup;
			children = (
				27C384D323F5A7D900746AA3 /* TodayWeather.swift */,
				27C384D523F5AAB400746AA3 /* Forecast.swift */,
				27C0000623F7FEC000A83CF5 /* ControlingProtocol.swift */,
			);
			path = Models;
			sourceTree = "<group>";
		};
		27C9183623F1D426006E099C = {
			isa = PBXGroup;
			children = (
				27C9184123F1D426006E099C /* WeatherApp */,
				27C9184023F1D426006E099C /* Products */,
			);
			sourceTree = "<group>";
		};
		27C9184023F1D426006E099C /* Products */ = {
			isa = PBXGroup;
			children = (
				27C9183F23F1D426006E099C /* WeatherApp.app */,
			);
			name = Products;
			sourceTree = "<group>";
		};
		27C9184123F1D426006E099C /* WeatherApp */ = {
			isa = PBXGroup;
			children = (
				270B412023F9920E00237AD1 /* Pictures */,
				2767332F23F5C2F9003A1940 /* Views */,
				27C384D223F5A6EA00746AA3 /* Models */,
				27C9185A23F1DB27006E099C /* ViewControllers */,
				27C9184223F1D426006E099C /* AppDelegate.swift */,
				27C9184423F1D426006E099C /* SceneDelegate.swift */,
				27C9184823F1D426006E099C /* Main.storyboard */,
				27C9184B23F1D428006E099C /* Assets.xcassets */,
				27C9184D23F1D428006E099C /* LaunchScreen.storyboard */,
				27C9185023F1D428006E099C /* Info.plist */,
			);
			path = WeatherApp;
			sourceTree = "<group>";
		};
		27C9185A23F1DB27006E099C /* ViewControllers */ = {
			isa = PBXGroup;
			children = (
				27C9185623F1D8DC006E099C /* TodayViewController.swift */,
				27C9185823F1D98E006E099C /* ForecastViewController.swift */,
			);
			path = ViewControllers;
			sourceTree = "<group>";
		};
/* End PBXGroup section */

/* Begin PBXNativeTarget section */
		27C9183E23F1D426006E099C /* WeatherApp */ = {
			isa = PBXNativeTarget;
			buildConfigurationList = 27C9185323F1D428006E099C /* Build configuration list for PBXNativeTarget "WeatherApp" */;
			buildPhases = (
				27C9183B23F1D426006E099C /* Sources */,
				27C9183C23F1D426006E099C /* Frameworks */,
				27C9183D23F1D426006E099C /* Resources */,
			);
			buildRules = (
			);
			dependencies = (
			);
			name = WeatherApp;
			productName = WeatherApp;
			productReference = 27C9183F23F1D426006E099C /* WeatherApp.app */;
			productType = "com.apple.product-type.application";
		};
/* End PBXNativeTarget section */

/* Begin PBXProject section */
		27C9183723F1D426006E099C /* Project object */ = {
			isa = PBXProject;
			attributes = {
				LastSwiftUpdateCheck = 1130;
				LastUpgradeCheck = 1130;
				ORGANIZATIONNAME = "Tornike Grigalashvili";
				TargetAttributes = {
					27C9183E23F1D426006E099C = {
						CreatedOnToolsVersion = 11.3.1;
					};
				};
			};
			buildConfigurationList = 27C9183A23F1D426006E099C /* Build configuration list for PBXProject "WeatherApp" */;
			compatibilityVersion = "Xcode 9.3";
			developmentRegion = en;
			hasScannedForEncodings = 0;
			knownRegions = (
				en,
				Base,
			);
			mainGroup = 27C9183623F1D426006E099C;
			productRefGroup = 27C9184023F1D426006E099C /* Products */;
			projectDirPath = "";
			projectRoot = "";
			targets = (
				27C9183E23F1D426006E099C /* WeatherApp */,
			);
		};
/* End PBXProject section */

/* Begin PBXResourcesBuildPhase section */
		27C9183D23F1D426006E099C /* Resources */ = {
			isa = PBXResourcesBuildPhase;
			buildActionMask = 2147483647;
			files = (
				27C0000B23F806E300A83CF5 /* LocationDeniedView.xib in Resources */,
				270B411D23F9687F00237AD1 /* TodayWeatherView.xib in Resources */,
				270B412A23F9923400237AD1 /* launchScreenIcon.png in Resources */,
				270B412B23F9923400237AD1 /* cloud.png in Resources */,
				2767333323F5C340003A1940 /* NoLocationView.xib in Resources */,
				27C9184F23F1D428006E099C /* LaunchScreen.storyboard in Resources */,
				27C9184C23F1D428006E099C /* Assets.xcassets in Resources */,
				27C9184A23F1D426006E099C /* Main.storyboard in Resources */,
				2767333923F5D0BB003A1940 /* NoDataView.xib in Resources */,
				270B412C23F9923400237AD1 /* wind.png in Resources */,
				270B412923F9923400237AD1 /* barometer.png in Resources */,
				270B412823F9923400237AD1 /* compass.png in Resources */,
				270B412723F9923400237AD1 /* water.png in Resources */,
			);
			runOnlyForDeploymentPostprocessing = 0;
		};
/* End PBXResourcesBuildPhase section */

/* Begin PBXSourcesBuildPhase section */
		27C9183B23F1D426006E099C /* Sources */ = {
			isa = PBXSourcesBuildPhase;
			buildActionMask = 2147483647;
			files = (
				270B411C23F9687F00237AD1 /* TodayWeatherView.swift in Sources */,
				27C9185723F1D8DC006E099C /* TodayViewController.swift in Sources */,
				27C9185923F1D98E006E099C /* ForecastViewController.swift in Sources */,
				27C9184323F1D426006E099C /* AppDelegate.swift in Sources */,
				27C384D623F5AAB400746AA3 /* Forecast.swift in Sources */,
				27C384D423F5A7D900746AA3 /* TodayWeather.swift in Sources */,
				2767333823F5D0BB003A1940 /* NoDataView.swift in Sources */,
				27C0000A23F806E300A83CF5 /* LocationDeniedView.swift in Sources */,
				27C9184523F1D426006E099C /* SceneDelegate.swift in Sources */,
				27C0000723F7FEC000A83CF5 /* ControlingProtocol.swift in Sources */,
				2767333523F5CBCE003A1940 /* NoLocationView.swift in Sources */,
			);
			runOnlyForDeploymentPostprocessing = 0;
		};
/* End PBXSourcesBuildPhase section */

/* Begin PBXVariantGroup section */
		27C9184823F1D426006E099C /* Main.storyboard */ = {
			isa = PBXVariantGroup;
			children = (
				27C9184923F1D426006E099C /* Base */,
			);
			name = Main.storyboard;
			sourceTree = "<group>";
		};
		27C9184D23F1D428006E099C /* LaunchScreen.storyboard */ = {
			isa = PBXVariantGroup;
			children = (
				27C9184E23F1D428006E099C /* Base */,
			);
			name = LaunchScreen.storyboard;
			sourceTree = "<group>";
		};
/* End PBXVariantGroup section */

/* Begin XCBuildConfiguration section */
		27C9185123F1D428006E099C /* Debug */ = {
			isa = XCBuildConfiguration;
			buildSettings = {
				ALWAYS_SEARCH_USER_PATHS = NO;
				CLANG_ANALYZER_NONNULL = YES;
				CLANG_ANALYZER_NUMBER_OBJECT_CONVERSION = YES_AGGRESSIVE;
				CLANG_CXX_LANGUAGE_STANDARD = "gnu++14";
				CLANG_CXX_LIBRARY = "libc++";
				CLANG_ENABLE_MODULES = YES;
				CLANG_ENABLE_OBJC_ARC = YES;
				CLANG_ENABLE_OBJC_WEAK = YES;
				CLANG_WARN_BLOCK_CAPTURE_AUTORELEASING = YES;
				CLANG_WARN_BOOL_CONVERSION = YES;
				CLANG_WARN_COMMA = YES;
				CLANG_WARN_CONSTANT_CONVERSION = YES;
				CLANG_WARN_DEPRECATED_OBJC_IMPLEMENTATIONS = YES;
				CLANG_WARN_DIRECT_OBJC_ISA_USAGE = YES_ERROR;
				CLANG_WARN_DOCUMENTATION_COMMENTS = YES;
				CLANG_WARN_EMPTY_BODY = YES;
				CLANG_WARN_ENUM_CONVERSION = YES;
				CLANG_WARN_INFINITE_RECURSION = YES;
				CLANG_WARN_INT_CONVERSION = YES;
				CLANG_WARN_NON_LITERAL_NULL_CONVERSION = YES;
				CLANG_WARN_OBJC_IMPLICIT_RETAIN_SELF = YES;
				CLANG_WARN_OBJC_LITERAL_CONVERSION = YES;
				CLANG_WARN_OBJC_ROOT_CLASS = YES_ERROR;
				CLANG_WARN_RANGE_LOOP_ANALYSIS = YES;
				CLANG_WARN_STRICT_PROTOTYPES = YES;
				CLANG_WARN_SUSPICIOUS_MOVE = YES;
				CLANG_WARN_UNGUARDED_AVAILABILITY = YES_AGGRESSIVE;
				CLANG_WARN_UNREACHABLE_CODE = YES;
				CLANG_WARN__DUPLICATE_METHOD_MATCH = YES;
				COPY_PHASE_STRIP = NO;
				DEBUG_INFORMATION_FORMAT = dwarf;
				ENABLE_STRICT_OBJC_MSGSEND = YES;
				ENABLE_TESTABILITY = YES;
				GCC_C_LANGUAGE_STANDARD = gnu11;
				GCC_DYNAMIC_NO_PIC = NO;
				GCC_NO_COMMON_BLOCKS = YES;
				GCC_OPTIMIZATION_LEVEL = 0;
				GCC_PREPROCESSOR_DEFINITIONS = (
					"DEBUG=1",
					"$(inherited)",
				);
				GCC_WARN_64_TO_32_BIT_CONVERSION = YES;
				GCC_WARN_ABOUT_RETURN_TYPE = YES_ERROR;
				GCC_WARN_UNDECLARED_SELECTOR = YES;
				GCC_WARN_UNINITIALIZED_AUTOS = YES_AGGRESSIVE;
				GCC_WARN_UNUSED_FUNCTION = YES;
				GCC_WARN_UNUSED_VARIABLE = YES;
				IPHONEOS_DEPLOYMENT_TARGET = 13.2;
				MTL_ENABLE_DEBUG_INFO = INCLUDE_SOURCE;
				MTL_FAST_MATH = YES;
				ONLY_ACTIVE_ARCH = YES;
				SDKROOT = iphoneos;
				SWIFT_ACTIVE_COMPILATION_CONDITIONS = DEBUG;
				SWIFT_OPTIMIZATION_LEVEL = "-Onone";
			};
			name = Debug;
		};
		27C9185223F1D428006E099C /* Release */ = {
			isa = XCBuildConfiguration;
			buildSettings = {
				ALWAYS_SEARCH_USER_PATHS = NO;
				CLANG_ANALYZER_NONNULL = YES;
				CLANG_ANALYZER_NUMBER_OBJECT_CONVERSION = YES_AGGRESSIVE;
				CLANG_CXX_LANGUAGE_STANDARD = "gnu++14";
				CLANG_CXX_LIBRARY = "libc++";
				CLANG_ENABLE_MODULES = YES;
				CLANG_ENABLE_OBJC_ARC = YES;
				CLANG_ENABLE_OBJC_WEAK = YES;
				CLANG_WARN_BLOCK_CAPTURE_AUTORELEASING = YES;
				CLANG_WARN_BOOL_CONVERSION = YES;
				CLANG_WARN_COMMA = YES;
				CLANG_WARN_CONSTANT_CONVERSION = YES;
				CLANG_WARN_DEPRECATED_OBJC_IMPLEMENTATIONS = YES;
				CLANG_WARN_DIRECT_OBJC_ISA_USAGE = YES_ERROR;
				CLANG_WARN_DOCUMENTATION_COMMENTS = YES;
				CLANG_WARN_EMPTY_BODY = YES;
				CLANG_WARN_ENUM_CONVERSION = YES;
				CLANG_WARN_INFINITE_RECURSION = YES;
				CLANG_WARN_INT_CONVERSION = YES;
				CLANG_WARN_NON_LITERAL_NULL_CONVERSION = YES;
				CLANG_WARN_OBJC_IMPLICIT_RETAIN_SELF = YES;
				CLANG_WARN_OBJC_LITERAL_CONVERSION = YES;
				CLANG_WARN_OBJC_ROOT_CLASS = YES_ERROR;
				CLANG_WARN_RANGE_LOOP_ANALYSIS = YES;
				CLANG_WARN_STRICT_PROTOTYPES = YES;
				CLANG_WARN_SUSPICIOUS_MOVE = YES;
				CLANG_WARN_UNGUARDED_AVAILABILITY = YES_AGGRESSIVE;
				CLANG_WARN_UNREACHABLE_CODE = YES;
				CLANG_WARN__DUPLICATE_METHOD_MATCH = YES;
				COPY_PHASE_STRIP = NO;
				DEBUG_INFORMATION_FORMAT = "dwarf-with-dsym";
				ENABLE_NS_ASSERTIONS = NO;
				ENABLE_STRICT_OBJC_MSGSEND = YES;
				GCC_C_LANGUAGE_STANDARD = gnu11;
				GCC_NO_COMMON_BLOCKS = YES;
				GCC_WARN_64_TO_32_BIT_CONVERSION = YES;
				GCC_WARN_ABOUT_RETURN_TYPE = YES_ERROR;
				GCC_WARN_UNDECLARED_SELECTOR = YES;
				GCC_WARN_UNINITIALIZED_AUTOS = YES_AGGRESSIVE;
				GCC_WARN_UNUSED_FUNCTION = YES;
				GCC_WARN_UNUSED_VARIABLE = YES;
				IPHONEOS_DEPLOYMENT_TARGET = 13.2;
				MTL_ENABLE_DEBUG_INFO = NO;
				MTL_FAST_MATH = YES;
				SDKROOT = iphoneos;
				SWIFT_COMPILATION_MODE = wholemodule;
				SWIFT_OPTIMIZATION_LEVEL = "-O";
				VALIDATE_PRODUCT = YES;
			};
			name = Release;
		};
		27C9185423F1D428006E099C /* Debug */ = {
			isa = XCBuildConfiguration;
			buildSettings = {
				ASSETCATALOG_COMPILER_APPICON_NAME = AppIcon;
				CODE_SIGN_STYLE = Automatic;
				INFOPLIST_FILE = WeatherApp/Info.plist;
				LD_RUNPATH_SEARCH_PATHS = (
					"$(inherited)",
					"@executable_path/Frameworks",
				);
				PRODUCT_BUNDLE_IDENTIFIER = tgrig16.WeatherApp;
				PRODUCT_NAME = "$(TARGET_NAME)";
				SWIFT_VERSION = 5.0;
				TARGETED_DEVICE_FAMILY = 1;
			};
			name = Debug;
		};
		27C9185523F1D428006E099C /* Release */ = {
			isa = XCBuildConfiguration;
			buildSettings = {
				ASSETCATALOG_COMPILER_APPICON_NAME = AppIcon;
				CODE_SIGN_STYLE = Automatic;
				INFOPLIST_FILE = WeatherApp/Info.plist;
				LD_RUNPATH_SEARCH_PATHS = (
					"$(inherited)",
					"@executable_path/Frameworks",
				);
				PRODUCT_BUNDLE_IDENTIFIER = tgrig16.WeatherApp;
				PRODUCT_NAME = "$(TARGET_NAME)";
				SWIFT_VERSION = 5.0;
				TARGETED_DEVICE_FAMILY = 1;
			};
			name = Release;
		};
/* End XCBuildConfiguration section */

/* Begin XCConfigurationList section */
		27C9183A23F1D426006E099C /* Build configuration list for PBXProject "WeatherApp" */ = {
			isa = XCConfigurationList;
			buildConfigurations = (
				27C9185123F1D428006E099C /* Debug */,
				27C9185223F1D428006E099C /* Release */,
			);
			defaultConfigurationIsVisible = 0;
			defaultConfigurationName = Release;
		};
		27C9185323F1D428006E099C /* Build configuration list for PBXNativeTarget "WeatherApp" */ = {
			isa = XCConfigurationList;
			buildConfigurations = (
				27C9185423F1D428006E099C /* Debug */,
				27C9185523F1D428006E099C /* Release */,
			);
			defaultConfigurationIsVisible = 0;
			defaultConfigurationName = Release;
		};
/* End XCConfigurationList section */
	};
	rootObject = 27C9183723F1D426006E099C /* Project object */;
}
